
Microsoft Visual Studio Solution File, Format Version 12.00
# Visual Studio Version 16
VisualStudioVersion = 16.0.30406.217
MinimumVisualStudioVersion = 10.0.40219.1
Project("{FAE04EC0-301F-11D3-BF4B-00C04F79EFBC}") = "DavidHound", "DavidHound.csproj", "{6089DE43-E493-4966-BDA9-D67BCE780A21}"
EndProject
Global
	GlobalSection(SolutionConfigurationPlatforms) = preSolution
		Debug|Any CPU = Debug|Any CPU
		Release|Any CPU = Release|Any CPU
	EndGlobalSection
	GlobalSection(ProjectConfigurationPlatforms) = postSolution
		{6089DE43-E493-4966-BDA9-D67BCE780A21}.Debug|Any CPU.ActiveCfg = Debug|Any CPU
		{6089DE43-E493-4966-BDA9-D67BCE780A21}.Debug|Any CPU.Build.0 = Debug|Any CPU
		{6089DE43-E493-4966-BDA9-D67BCE780A21}.Release|Any CPU.ActiveCfg = Release|Any CPU
		{6089DE43-E493-4966-BDA9-D67BCE780A21}.Release|Any CPU.Build.0 = Release|Any CPU
	EndGlobalSection
	GlobalSection(SolutionProperties) = preSolution
		HideSolutionNode = FALSE
	EndGlobalSection
	GlobalSection(ExtensibilityGlobals) = postSolution
		SolutionGuid = {9FF65161-4500-4B65-888A-18625CC0DAE7}
	EndGlobalSection
EndGlobal
